{
  "originHash" : "9ee4626c9d84e80103409b26a0a058364525b0c9d5cf134c4ae0b383a2f29de0",
  "pins" : [
    {
      "identity" : "automattic-tracks-ios",
      "kind" : "remoteSourceControl",
      "location" : "https://github.com/Automattic/Automattic-Tracks-iOS",
      "state" : {
        "revision" : "437f586a62c07c6ceec9baf043237b2afe7ea1ac",
        "version" : "3.5.2"
      }
    },
    {
      "identity" : "gravatar-sdk-ios",
      "kind" : "remoteSourceControl",
      "location" : "https://github.com/Automattic/Gravatar-SDK-iOS.git",
      "state" : {
        "revision" : "342e40cf493672ad9aef1ad72b085cccc3bbb2f1"
      }
    },
    {
      "identity" : "sentry-cocoa",
      "kind" : "remoteSourceControl",
      "location" : "https://github.com/getsentry/sentry-cocoa",
      "state" : {
        "revision" : "930b78a63f47549c81e6e63c9172584f7d3dfdd6",
        "version" : "8.52.1"
      }
    },
    {
      "identity" : "swift-custom-dump",
      "kind" : "remoteSourceControl",
      "location" : "https://github.com/pointfreeco/swift-custom-dump",
      "state" : {
        "revision" : "82645ec760917961cfa08c9c0c7104a57a0fa4b1",
        "version" : "1.3.3"
      }
    },
    {
      "identity" : "swift-snapshot-testing",
      "kind" : "remoteSourceControl",
      "location" : "https://github.com/pointfreeco/swift-snapshot-testing",
      "state" : {
        "revision" : "37230a37e83f1b7023be08e1b1a2603fcb1567fb",
        "version" : "1.18.4"
      }
    },
    {
      "identity" : "swift-sodium",
      "kind" : "remoteSourceControl",
      "location" : "https://github.com/jedisct1/swift-sodium",
      "state" : {
        "revision" : "4f9164a0a2c9a6a7ff53a2833d54a5c79c957342",
        "version" : "0.9.1"
      }
    },
    {
      "identity" : "swift-syntax",
      "kind" : "remoteSourceControl",
      "location" : "https://github.com/swiftlang/swift-syntax",
      "state" : {
        "revision" : "f99ae8aa18f0cf0d53481901f88a0991dc3bd4a2",
        "version" : "601.0.1"
      }
    },
    {
      "identity" : "uideviceidentifier",
      "kind" : "remoteSourceControl",
      "location" : "https://github.com/squarefrog/UIDeviceIdentifier",
      "state" : {
        "revision" : "4699794b08bb79a4d77785edaba6ea739e298e4b",
        "version" : "2.3.0"
      }
    },
    {
      "identity" : "xctest-dynamic-overlay",
      "kind" : "remoteSourceControl",
      "location" : "https://github.com/pointfreeco/xctest-dynamic-overlay",
      "state" : {
        "revision" : "39de59b2d47f7ef3ca88a039dff3084688fe27f4",
        "version" : "1.5.2"
      }
    }
  ],
  "version" : 3
}
