{
  "originHash" : "36b7d89931723ff85f0c7632764032a51f78c9fb9d687eddb7e071ec37d62584",
  "pins" : [
    {
      "identity" : "automattic-tracks-ios",
      "kind" : "remoteSourceControl",
      "location" : "https://github.com/Automattic/Automattic-Tracks-iOS",
      "state" : {
        "revision" : "437f586a62c07c6ceec9baf043237b2afe7ea1ac",
        "version" : "3.5.2"
      }
    },
    {
      "identity" : "gravatar-sdk-ios",
      "kind" : "remoteSourceControl",
      "location" : "https://github.com/Automattic/Gravatar-SDK-iOS.git",
      "state" : {
        "revision" : "dd58fcdeaa145191eb9870d8b19f26659393219f",
        "version" : "3.3.0"
      }
    },
    {
      "identity" : "sentry-cocoa",
      "kind" : "remoteSourceControl",
      "location" : "https://github.com/getsentry/sentry-cocoa",
      "state" : {
        "revision" : "930b78a63f47549c81e6e63c9172584f7d3dfdd6",
        "version" : "8.52.1"
      }
    },
    {
      "identity" : "swift-sodium",
      "kind" : "remoteSourceControl",
      "location" : "https://github.com/jedisct1/swift-sodium",
      "state" : {
        "revision" : "4f9164a0a2c9a6a7ff53a2833d54a5c79c957342",
        "version" : "0.9.1"
      }
    },
    {
      "identity" : "uideviceidentifier",
      "kind" : "remoteSourceControl",
      "location" : "https://github.com/squarefrog/UIDeviceIdentifier",
      "state" : {
        "revision" : "4699794b08bb79a4d77785edaba6ea739e298e4b",
        "version" : "2.3.0"
      }
    }
  ],
  "version" : 3
}
